
Microsoft Visual Studio Solution File, Format Version 12.00
Project("{FAE04EC0-301F-11D3-BF4B-00C04F79EFBC}") = "AvaloniaCad", "AvaloniaCad\AvaloniaCad.csproj", "{8AC59719-F53B-48B5-9B0F-4983B8A1EF21}"
EndProject
Project("{2150E333-8FDC-42A3-9474-1A3956D46DE8}") = "ViewManager", "ViewManager", "{5604D158-0B9F-4F4D-B6C9-CEB6FA992227}"
EndProject
Project("{FAE04EC0-301F-11D3-BF4B-00C04F79EFBC}") = "Avalonia.Container", "ViewManager\Avalonia.Container\Avalonia.Container.csproj", "{04C99FA7-BCFC-4D78-AD0B-400AD5C3A3D1}"
EndProject
Project("{FAE04EC0-301F-11D3-BF4B-00C04F79EFBC}") = "Container.Core", "ViewManager\Container.Core\Container.Core.csproj", "{198C2DEA-1C74-4BA0-B31E-7956F4ABA4AA}"
EndProject
Project("{2150E333-8FDC-42A3-9474-1A3956D46DE8}") = "KoDrawing", "KoDrawing", "{AD1CF5C9-8422-44C2-B74C-89BDC500827D}"
EndProject
Project("{FAE04EC0-301F-11D3-BF4B-00C04F79EFBC}") = "KoDrawing.Core", "KoDrawing.Core\KoDrawing.Core.csproj", "{B7BC9D96-F407-4CA9-B85A-E08EFD540357}"
EndProject
Project("{FAE04EC0-301F-11D3-BF4B-00C04F79EFBC}") = "KoDrawing.Tests", "KoDrawing.Tests\KoDrawing.Tests.csproj", "{1617D4AB-3A35-4BBD-9C9A-40B4F1980094}"
EndProject
Global
	GlobalSection(SolutionConfigurationPlatforms) = preSolution
		Debug|Any CPU = Debug|Any CPU
		Release|Any CPU = Release|Any CPU
	EndGlobalSection
	GlobalSection(ProjectConfigurationPlatforms) = postSolution
		{8AC59719-F53B-48B5-9B0F-4983B8A1EF21}.Debug|Any CPU.ActiveCfg = Debug|Any CPU
		{8AC59719-F53B-48B5-9B0F-4983B8A1EF21}.Debug|Any CPU.Build.0 = Debug|Any CPU
		{8AC59719-F53B-48B5-9B0F-4983B8A1EF21}.Release|Any CPU.ActiveCfg = Release|Any CPU
		{8AC59719-F53B-48B5-9B0F-4983B8A1EF21}.Release|Any CPU.Build.0 = Release|Any CPU
		{04C99FA7-BCFC-4D78-AD0B-400AD5C3A3D1}.Debug|Any CPU.ActiveCfg = Debug|Any CPU
		{04C99FA7-BCFC-4D78-AD0B-400AD5C3A3D1}.Debug|Any CPU.Build.0 = Debug|Any CPU
		{04C99FA7-BCFC-4D78-AD0B-400AD5C3A3D1}.Release|Any CPU.ActiveCfg = Release|Any CPU
		{04C99FA7-BCFC-4D78-AD0B-400AD5C3A3D1}.Release|Any CPU.Build.0 = Release|Any CPU
		{198C2DEA-1C74-4BA0-B31E-7956F4ABA4AA}.Debug|Any CPU.ActiveCfg = Debug|Any CPU
		{198C2DEA-1C74-4BA0-B31E-7956F4ABA4AA}.Debug|Any CPU.Build.0 = Debug|Any CPU
		{198C2DEA-1C74-4BA0-B31E-7956F4ABA4AA}.Release|Any CPU.ActiveCfg = Release|Any CPU
		{198C2DEA-1C74-4BA0-B31E-7956F4ABA4AA}.Release|Any CPU.Build.0 = Release|Any CPU
		{B7BC9D96-F407-4CA9-B85A-E08EFD540357}.Debug|Any CPU.ActiveCfg = Debug|Any CPU
		{B7BC9D96-F407-4CA9-B85A-E08EFD540357}.Debug|Any CPU.Build.0 = Debug|Any CPU
		{B7BC9D96-F407-4CA9-B85A-E08EFD540357}.Release|Any CPU.ActiveCfg = Release|Any CPU
		{B7BC9D96-F407-4CA9-B85A-E08EFD540357}.Release|Any CPU.Build.0 = Release|Any CPU
		{1617D4AB-3A35-4BBD-9C9A-40B4F1980094}.Debug|Any CPU.ActiveCfg = Debug|Any CPU
		{1617D4AB-3A35-4BBD-9C9A-40B4F1980094}.Debug|Any CPU.Build.0 = Debug|Any CPU
		{1617D4AB-3A35-4BBD-9C9A-40B4F1980094}.Release|Any CPU.ActiveCfg = Release|Any CPU
		{1617D4AB-3A35-4BBD-9C9A-40B4F1980094}.Release|Any CPU.Build.0 = Release|Any CPU
	EndGlobalSection
	GlobalSection(NestedProjects) = preSolution
		{04C99FA7-BCFC-4D78-AD0B-400AD5C3A3D1} = {5604D158-0B9F-4F4D-B6C9-CEB6FA992227}
		{198C2DEA-1C74-4BA0-B31E-7956F4ABA4AA} = {5604D158-0B9F-4F4D-B6C9-CEB6FA992227}
		{B7BC9D96-F407-4CA9-B85A-E08EFD540357} = {AD1CF5C9-8422-44C2-B74C-89BDC500827D}
		{1617D4AB-3A35-4BBD-9C9A-40B4F1980094} = {AD1CF5C9-8422-44C2-B74C-89BDC500827D}
	EndGlobalSection
EndGlobal
